PODS:
  - Flutter (1.0.0)
  - geolocator_apple (1.2.0):
    - Flutter
  - image_picker (0.0.1):
    - Flutter
  - naver_map_plugin (0.9.4):
    - Flutter
    - NMapsMap
  - NMapsMap (3.14.2)

DEPENDENCIES:
  - Flutter (from `Flutter`)
  - geolocator_apple (from `.symlinks/plugins/geolocator_apple/ios`)
  - image_picker (from `.symlinks/plugins/image_picker/ios`)
  - naver_map_plugin (from `.symlinks/plugins/naver_map_plugin/ios`)

SPEC REPOS:
  trunk:
    - NMapsMap

EXTERNAL SOURCES:
  Flutter:
    :path: Flutter
  geolocator_apple:
    :path: ".symlinks/plugins/geolocator_apple/ios"
  image_picker:
    :path: ".symlinks/plugins/image_picker/ios"
  naver_map_plugin:
    :path: ".symlinks/plugins/naver_map_plugin/ios"

SPEC CHECKSUMS:
  Flutter: 50d75fe2f02b26cc09d224853bb45737f8b3214a
  geolocator_apple: cc556e6844d508c95df1e87e3ea6fa4e58c50401
  image_picker: 541dcbb3b9cf32d87eacbd957845d8651d6c62c3
  naver_map_plugin: d1d67733c56b20b88270d9da51218e18fa916232
  NMapsMap: efb3a5cf593ff0d89f2a55bb3d4f8c30fe10bd7f

PODFILE CHECKSUM: 47d0c6d710f0358a16feda754d8d69a3f09a2abf

COCOAPODS: 1.11.3
